
Microsoft Visual Studio Solution File, Format Version 12.00
# Visual Studio 15
VisualStudioVersion = 15.0.26730.16
MinimumVisualStudioVersion = 10.0.40219.1
Project("{FAE04EC0-301F-11D3-BF4B-00C04F79EFBC}") = "SimpleBudgetMvvmLight.Android", "SimpleBudgetMvvmLight\SimpleBudgetMvvmLight.Android\SimpleBudgetMvvmLight.Android.csproj", "{6CC726F0-E1EF-4E4F-BF4E-6AD4E4C2769E}"
EndProject
Project("{FAE04EC0-301F-11D3-BF4B-00C04F79EFBC}") = "SimpleBudgetMvvmLight", "SimpleBudgetMvvmLight\SimpleBudgetMvvmLight\SimpleBudgetMvvmLight.csproj", "{F8646E90-02C2-4B30-8207-BC7C63E4EFDC}"
EndProject
Project("{FAE04EC0-301F-11D3-BF4B-00C04F79EFBC}") = "SimpleBudgetMvvmLight.UWP", "SimpleBudgetMvvmLight\SimpleBudgetMvvmLight.UWP\SimpleBudgetMvvmLight.UWP.csproj", "{8BBF666D-B1AA-4E43-86AD-023991B0467E}"
EndProject
Project("{FAE04EC0-301F-11D3-BF4B-00C04F79EFBC}") = "SimpleBudgetMvvmLight.iOS", "SimpleBudgetMvvmLight\SimpleBudgetMvvmLight.iOS\SimpleBudgetMvvmLight.iOS.csproj", "{0F16F53A-BE52-44EB-B66E-A2EA30F1796C}"
EndProject
Global
	GlobalSection(SolutionConfigurationPlatforms) = preSolution
		Ad-Hoc|Any CPU = Ad-Hoc|Any CPU
		Ad-Hoc|ARM = Ad-Hoc|ARM
		Ad-Hoc|iPhone = Ad-Hoc|iPhone
		Ad-Hoc|iPhoneSimulator = Ad-Hoc|iPhoneSimulator
		Ad-Hoc|x64 = Ad-Hoc|x64
		Ad-Hoc|x86 = Ad-Hoc|x86
		AppStore|Any CPU = AppStore|Any CPU
		AppStore|ARM = AppStore|ARM
		AppStore|iPhone = AppStore|iPhone
		AppStore|iPhoneSimulator = AppStore|iPhoneSimulator
		AppStore|x64 = AppStore|x64
		AppStore|x86 = AppStore|x86
		Debug|Any CPU = Debug|Any CPU
		Debug|ARM = Debug|ARM
		Debug|iPhone = Debug|iPhone
		Debug|iPhoneSimulator = Debug|iPhoneSimulator
		Debug|x64 = Debug|x64
		Debug|x86 = Debug|x86
		Release|Any CPU = Release|Any CPU
		Release|ARM = Release|ARM
		Release|iPhone = Release|iPhone
		Release|iPhoneSimulator = Release|iPhoneSimulator
		Release|x64 = Release|x64
		Release|x86 = Release|x86
	EndGlobalSection
	GlobalSection(ProjectConfigurationPlatforms) = postSolution
		{6CC726F0-E1EF-4E4F-BF4E-6AD4E4C2769E}.Ad-Hoc|Any CPU.ActiveCfg = Release|Any CPU
		{6CC726F0-E1EF-4E4F-BF4E-6AD4E4C2769E}.Ad-Hoc|Any CPU.Build.0 = Release|Any CPU
		{6CC726F0-E1EF-4E4F-BF4E-6AD4E4C2769E}.Ad-Hoc|Any CPU.Deploy.0 = Release|Any CPU
		{6CC726F0-E1EF-4E4F-BF4E-6AD4E4C2769E}.Ad-Hoc|ARM.ActiveCfg = Release|Any CPU
		{6CC726F0-E1EF-4E4F-BF4E-6AD4E4C2769E}.Ad-Hoc|ARM.Build.0 = Release|Any CPU
		{6CC726F0-E1EF-4E4F-BF4E-6AD4E4C2769E}.Ad-Hoc|ARM.Deploy.0 = Release|Any CPU
		{6CC726F0-E1EF-4E4F-BF4E-6AD4E4C2769E}.Ad-Hoc|iPhone.ActiveCfg = Release|Any CPU
		{6CC726F0-E1EF-4E4F-BF4E-6AD4E4C2769E}.Ad-Hoc|iPhone.Build.0 = Release|Any CPU
		{6CC726F0-E1EF-4E4F-BF4E-6AD4E4C2769E}.Ad-Hoc|iPhone.Deploy.0 = Release|Any CPU
		{6CC726F0-E1EF-4E4F-BF4E-6AD4E4C2769E}.Ad-Hoc|iPhoneSimulator.ActiveCfg = Release|Any CPU
		{6CC726F0-E1EF-4E4F-BF4E-6AD4E4C2769E}.Ad-Hoc|iPhoneSimulator.Build.0 = Release|Any CPU
		{6CC726F0-E1EF-4E4F-BF4E-6AD4E4C2769E}.Ad-Hoc|iPhoneSimulator.Deploy.0 = Release|Any CPU
		{6CC726F0-E1EF-4E4F-BF4E-6AD4E4C2769E}.Ad-Hoc|x64.ActiveCfg = Release|Any CPU
		{6CC726F0-E1EF-4E4F-BF4E-6AD4E4C2769E}.Ad-Hoc|x64.Build.0 = Release|Any CPU
		{6CC726F0-E1EF-4E4F-BF4E-6AD4E4C2769E}.Ad-Hoc|x64.Deploy.0 = Release|Any CPU
		{6CC726F0-E1EF-4E4F-BF4E-6AD4E4C2769E}.Ad-Hoc|x86.ActiveCfg = Release|Any CPU
		{6CC726F0-E1EF-4E4F-BF4E-6AD4E4C2769E}.Ad-Hoc|x86.Build.0 = Release|Any CPU
		{6CC726F0-E1EF-4E4F-BF4E-6AD4E4C2769E}.Ad-Hoc|x86.Deploy.0 = Release|Any CPU
		{6CC726F0-E1EF-4E4F-BF4E-6AD4E4C2769E}.AppStore|Any CPU.ActiveCfg = Release|Any CPU
		{6CC726F0-E1EF-4E4F-BF4E-6AD4E4C2769E}.AppStore|Any CPU.Build.0 = Release|Any CPU
		{6CC726F0-E1EF-4E4F-BF4E-6AD4E4C2769E}.AppStore|Any CPU.Deploy.0 = Release|Any CPU
		{6CC726F0-E1EF-4E4F-BF4E-6AD4E4C2769E}.AppStore|ARM.ActiveCfg = Release|Any CPU
		{6CC726F0-E1EF-4E4F-BF4E-6AD4E4C2769E}.AppStore|ARM.Build.0 = Release|Any CPU
		{6CC726F0-E1EF-4E4F-BF4E-6AD4E4C2769E}.AppStore|ARM.Deploy.0 = Release|Any CPU
		{6CC726F0-E1EF-4E4F-BF4E-6AD4E4C2769E}.AppStore|iPhone.ActiveCfg = Release|Any CPU
		{6CC726F0-E1EF-4E4F-BF4E-6AD4E4C2769E}.AppStore|iPhone.Build.0 = Release|Any CPU
		{6CC726F0-E1EF-4E4F-BF4E-6AD4E4C2769E}.AppStore|iPhone.Deploy.0 = Release|Any CPU
		{6CC726F0-E1EF-4E4F-BF4E-6AD4E4C2769E}.AppStore|iPhoneSimulator.ActiveCfg = Release|Any CPU
		{6CC726F0-E1EF-4E4F-BF4E-6AD4E4C2769E}.AppStore|iPhoneSimulator.Build.0 = Release|Any CPU
		{6CC726F0-E1EF-4E4F-BF4E-6AD4E4C2769E}.AppStore|iPhoneSimulator.Deploy.0 = Release|Any CPU
		{6CC726F0-E1EF-4E4F-BF4E-6AD4E4C2769E}.AppStore|x64.ActiveCfg = Release|Any CPU
		{6CC726F0-E1EF-4E4F-BF4E-6AD4E4C2769E}.AppStore|x64.Build.0 = Release|Any CPU
		{6CC726F0-E1EF-4E4F-BF4E-6AD4E4C2769E}.AppStore|x64.Deploy.0 = Release|Any CPU
		{6CC726F0-E1EF-4E4F-BF4E-6AD4E4C2769E}.AppStore|x86.ActiveCfg = Release|Any CPU
		{6CC726F0-E1EF-4E4F-BF4E-6AD4E4C2769E}.AppStore|x86.Build.0 = Release|Any CPU
		{6CC726F0-E1EF-4E4F-BF4E-6AD4E4C2769E}.AppStore|x86.Deploy.0 = Release|Any CPU
		{6CC726F0-E1EF-4E4F-BF4E-6AD4E4C2769E}.Debug|Any CPU.ActiveCfg = Debug|Any CPU
		{6CC726F0-E1EF-4E4F-BF4E-6AD4E4C2769E}.Debug|Any CPU.Build.0 = Debug|Any CPU
		{6CC726F0-E1EF-4E4F-BF4E-6AD4E4C2769E}.Debug|Any CPU.Deploy.0 = Debug|Any CPU
		{6CC726F0-E1EF-4E4F-BF4E-6AD4E4C2769E}.Debug|ARM.ActiveCfg = Debug|Any CPU
		{6CC726F0-E1EF-4E4F-BF4E-6AD4E4C2769E}.Debug|ARM.Build.0 = Debug|Any CPU
		{6CC726F0-E1EF-4E4F-BF4E-6AD4E4C2769E}.Debug|ARM.Deploy.0 = Debug|Any CPU
		{6CC726F0-E1EF-4E4F-BF4E-6AD4E4C2769E}.Debug|iPhone.ActiveCfg = Debug|Any CPU
		{6CC726F0-E1EF-4E4F-BF4E-6AD4E4C2769E}.Debug|iPhone.Build.0 = Debug|Any CPU
		{6CC726F0-E1EF-4E4F-BF4E-6AD4E4C2769E}.Debug|iPhone.Deploy.0 = Debug|Any CPU
		{6CC726F0-E1EF-4E4F-BF4E-6AD4E4C2769E}.Debug|iPhoneSimulator.ActiveCfg = Debug|Any CPU
		{6CC726F0-E1EF-4E4F-BF4E-6AD4E4C2769E}.Debug|iPhoneSimulator.Build.0 = Debug|Any CPU
		{6CC726F0-E1EF-4E4F-BF4E-6AD4E4C2769E}.Debug|iPhoneSimulator.Deploy.0 = Debug|Any CPU
		{6CC726F0-E1EF-4E4F-BF4E-6AD4E4C2769E}.Debug|x64.ActiveCfg = Debug|Any CPU
		{6CC726F0-E1EF-4E4F-BF4E-6AD4E4C2769E}.Debug|x64.Build.0 = Debug|Any CPU
		{6CC726F0-E1EF-4E4F-BF4E-6AD4E4C2769E}.Debug|x64.Deploy.0 = Debug|Any CPU
		{6CC726F0-E1EF-4E4F-BF4E-6AD4E4C2769E}.Debug|x86.ActiveCfg = Debug|Any CPU
		{6CC726F0-E1EF-4E4F-BF4E-6AD4E4C2769E}.Debug|x86.Build.0 = Debug|Any CPU
		{6CC726F0-E1EF-4E4F-BF4E-6AD4E4C2769E}.Debug|x86.Deploy.0 = Debug|Any CPU
		{6CC726F0-E1EF-4E4F-BF4E-6AD4E4C2769E}.Release|Any CPU.ActiveCfg = Release|Any CPU
		{6CC726F0-E1EF-4E4F-BF4E-6AD4E4C2769E}.Release|Any CPU.Build.0 = Release|Any CPU
		{6CC726F0-E1EF-4E4F-BF4E-6AD4E4C2769E}.Release|Any CPU.Deploy.0 = Release|Any CPU
		{6CC726F0-E1EF-4E4F-BF4E-6AD4E4C2769E}.Release|ARM.ActiveCfg = Release|Any CPU
		{6CC726F0-E1EF-4E4F-BF4E-6AD4E4C2769E}.Release|ARM.Build.0 = Release|Any CPU
		{6CC726F0-E1EF-4E4F-BF4E-6AD4E4C2769E}.Release|ARM.Deploy.0 = Release|Any CPU
		{6CC726F0-E1EF-4E4F-BF4E-6AD4E4C2769E}.Release|iPhone.ActiveCfg = Release|Any CPU
		{6CC726F0-E1EF-4E4F-BF4E-6AD4E4C2769E}.Release|iPhone.Build.0 = Release|Any CPU
		{6CC726F0-E1EF-4E4F-BF4E-6AD4E4C2769E}.Release|iPhone.Deploy.0 = Release|Any CPU
		{6CC726F0-E1EF-4E4F-BF4E-6AD4E4C2769E}.Release|iPhoneSimulator.ActiveCfg = Release|Any CPU
		{6CC726F0-E1EF-4E4F-BF4E-6AD4E4C2769E}.Release|iPhoneSimulator.Build.0 = Release|Any CPU
		{6CC726F0-E1EF-4E4F-BF4E-6AD4E4C2769E}.Release|iPhoneSimulator.Deploy.0 = Release|Any CPU
		{6CC726F0-E1EF-4E4F-BF4E-6AD4E4C2769E}.Release|x64.ActiveCfg = Release|Any CPU
		{6CC726F0-E1EF-4E4F-BF4E-6AD4E4C2769E}.Release|x64.Build.0 = Release|Any CPU
		{6CC726F0-E1EF-4E4F-BF4E-6AD4E4C2769E}.Release|x64.Deploy.0 = Release|Any CPU
		{6CC726F0-E1EF-4E4F-BF4E-6AD4E4C2769E}.Release|x86.ActiveCfg = Release|Any CPU
		{6CC726F0-E1EF-4E4F-BF4E-6AD4E4C2769E}.Release|x86.Build.0 = Release|Any CPU
		{6CC726F0-E1EF-4E4F-BF4E-6AD4E4C2769E}.Release|x86.Deploy.0 = Release|Any CPU
		{F8646E90-02C2-4B30-8207-BC7C63E4EFDC}.Ad-Hoc|Any CPU.ActiveCfg = Release|Any CPU
		{F8646E90-02C2-4B30-8207-BC7C63E4EFDC}.Ad-Hoc|Any CPU.Build.0 = Release|Any CPU
		{F8646E90-02C2-4B30-8207-BC7C63E4EFDC}.Ad-Hoc|ARM.ActiveCfg = Release|Any CPU
		{F8646E90-02C2-4B30-8207-BC7C63E4EFDC}.Ad-Hoc|ARM.Build.0 = Release|Any CPU
		{F8646E90-02C2-4B30-8207-BC7C63E4EFDC}.Ad-Hoc|iPhone.ActiveCfg = Release|Any CPU
		{F8646E90-02C2-4B30-8207-BC7C63E4EFDC}.Ad-Hoc|iPhone.Build.0 = Release|Any CPU
		{F8646E90-02C2-4B30-8207-BC7C63E4EFDC}.Ad-Hoc|iPhoneSimulator.ActiveCfg = Release|Any CPU
		{F8646E90-02C2-4B30-8207-BC7C63E4EFDC}.Ad-Hoc|iPhoneSimulator.Build.0 = Release|Any CPU
		{F8646E90-02C2-4B30-8207-BC7C63E4EFDC}.Ad-Hoc|x64.ActiveCfg = Release|Any CPU
		{F8646E90-02C2-4B30-8207-BC7C63E4EFDC}.Ad-Hoc|x64.Build.0 = Release|Any CPU
		{F8646E90-02C2-4B30-8207-BC7C63E4EFDC}.Ad-Hoc|x86.ActiveCfg = Release|Any CPU
		{F8646E90-02C2-4B30-8207-BC7C63E4EFDC}.Ad-Hoc|x86.Build.0 = Release|Any CPU
		{F8646E90-02C2-4B30-8207-BC7C63E4EFDC}.AppStore|Any CPU.ActiveCfg = Release|Any CPU
		{F8646E90-02C2-4B30-8207-BC7C63E4EFDC}.AppStore|Any CPU.Build.0 = Release|Any CPU
		{F8646E90-02C2-4B30-8207-BC7C63E4EFDC}.AppStore|ARM.ActiveCfg = Release|Any CPU
		{F8646E90-02C2-4B30-8207-BC7C63E4EFDC}.AppStore|ARM.Build.0 = Release|Any CPU
		{F8646E90-02C2-4B30-8207-BC7C63E4EFDC}.AppStore|iPhone.ActiveCfg = Release|Any CPU
		{F8646E90-02C2-4B30-8207-BC7C63E4EFDC}.AppStore|iPhone.Build.0 = Release|Any CPU
		{F8646E90-02C2-4B30-8207-BC7C63E4EFDC}.AppStore|iPhoneSimulator.ActiveCfg = Release|Any CPU
		{F8646E90-02C2-4B30-8207-BC7C63E4EFDC}.AppStore|iPhoneSimulator.Build.0 = Release|Any CPU
		{F8646E90-02C2-4B30-8207-BC7C63E4EFDC}.AppStore|x64.ActiveCfg = Release|Any CPU
		{F8646E90-02C2-4B30-8207-BC7C63E4EFDC}.AppStore|x64.Build.0 = Release|Any CPU
		{F8646E90-02C2-4B30-8207-BC7C63E4EFDC}.AppStore|x86.ActiveCfg = Release|Any CPU
		{F8646E90-02C2-4B30-8207-BC7C63E4EFDC}.AppStore|x86.Build.0 = Release|Any CPU
		{F8646E90-02C2-4B30-8207-BC7C63E4EFDC}.Debug|Any CPU.ActiveCfg = Debug|Any CPU
		{F8646E90-02C2-4B30-8207-BC7C63E4EFDC}.Debug|Any CPU.Build.0 = Debug|Any CPU
		{F8646E90-02C2-4B30-8207-BC7C63E4EFDC}.Debug|ARM.ActiveCfg = Debug|Any CPU
		{F8646E90-02C2-4B30-8207-BC7C63E4EFDC}.Debug|ARM.Build.0 = Debug|Any CPU
		{F8646E90-02C2-4B30-8207-BC7C63E4EFDC}.Debug|iPhone.ActiveCfg = Debug|Any CPU
		{F8646E90-02C2-4B30-8207-BC7C63E4EFDC}.Debug|iPhone.Build.0 = Debug|Any CPU
		{F8646E90-02C2-4B30-8207-BC7C63E4EFDC}.Debug|iPhoneSimulator.ActiveCfg = Debug|Any CPU
		{F8646E90-02C2-4B30-8207-BC7C63E4EFDC}.Debug|iPhoneSimulator.Build.0 = Debug|Any CPU
		{F8646E90-02C2-4B30-8207-BC7C63E4EFDC}.Debug|x64.ActiveCfg = Debug|Any CPU
		{F8646E90-02C2-4B30-8207-BC7C63E4EFDC}.Debug|x64.Build.0 = Debug|Any CPU
		{F8646E90-02C2-4B30-8207-BC7C63E4EFDC}.Debug|x86.ActiveCfg = Debug|Any CPU
		{F8646E90-02C2-4B30-8207-BC7C63E4EFDC}.Debug|x86.Build.0 = Debug|Any CPU
		{F8646E90-02C2-4B30-8207-BC7C63E4EFDC}.Release|Any CPU.ActiveCfg = Release|Any CPU
		{F8646E90-02C2-4B30-8207-BC7C63E4EFDC}.Release|Any CPU.Build.0 = Release|Any CPU
		{F8646E90-02C2-4B30-8207-BC7C63E4EFDC}.Release|ARM.ActiveCfg = Release|Any CPU
		{F8646E90-02C2-4B30-8207-BC7C63E4EFDC}.Release|ARM.Build.0 = Release|Any CPU
		{F8646E90-02C2-4B30-8207-BC7C63E4EFDC}.Release|iPhone.ActiveCfg = Release|Any CPU
		{F8646E90-02C2-4B30-8207-BC7C63E4EFDC}.Release|iPhone.Build.0 = Release|Any CPU
		{F8646E90-02C2-4B30-8207-BC7C63E4EFDC}.Release|iPhoneSimulator.ActiveCfg = Release|Any CPU
		{F8646E90-02C2-4B30-8207-BC7C63E4EFDC}.Release|iPhoneSimulator.Build.0 = Release|Any CPU
		{F8646E90-02C2-4B30-8207-BC7C63E4EFDC}.Release|x64.ActiveCfg = Release|Any CPU
		{F8646E90-02C2-4B30-8207-BC7C63E4EFDC}.Release|x64.Build.0 = Release|Any CPU
		{F8646E90-02C2-4B30-8207-BC7C63E4EFDC}.Release|x86.ActiveCfg = Release|Any CPU
		{F8646E90-02C2-4B30-8207-BC7C63E4EFDC}.Release|x86.Build.0 = Release|Any CPU
		{8BBF666D-B1AA-4E43-86AD-023991B0467E}.Ad-Hoc|Any CPU.ActiveCfg = Release|x86
		{8BBF666D-B1AA-4E43-86AD-023991B0467E}.Ad-Hoc|Any CPU.Build.0 = Release|x86
		{8BBF666D-B1AA-4E43-86AD-023991B0467E}.Ad-Hoc|Any CPU.Deploy.0 = Release|x86
		{8BBF666D-B1AA-4E43-86AD-023991B0467E}.Ad-Hoc|ARM.ActiveCfg = Release|ARM
		{8BBF666D-B1AA-4E43-86AD-023991B0467E}.Ad-Hoc|ARM.Build.0 = Release|ARM
		{8BBF666D-B1AA-4E43-86AD-023991B0467E}.Ad-Hoc|ARM.Deploy.0 = Release|ARM
		{8BBF666D-B1AA-4E43-86AD-023991B0467E}.Ad-Hoc|iPhone.ActiveCfg = Release|x86
		{8BBF666D-B1AA-4E43-86AD-023991B0467E}.Ad-Hoc|iPhone.Build.0 = Release|x86
		{8BBF666D-B1AA-4E43-86AD-023991B0467E}.Ad-Hoc|iPhone.Deploy.0 = Release|x86
		{8BBF666D-B1AA-4E43-86AD-023991B0467E}.Ad-Hoc|iPhoneSimulator.ActiveCfg = Release|x86
		{8BBF666D-B1AA-4E43-86AD-023991B0467E}.Ad-Hoc|iPhoneSimulator.Build.0 = Release|x86
		{8BBF666D-B1AA-4E43-86AD-023991B0467E}.Ad-Hoc|iPhoneSimulator.Deploy.0 = Release|x86
		{8BBF666D-B1AA-4E43-86AD-023991B0467E}.Ad-Hoc|x64.ActiveCfg = Release|x64
		{8BBF666D-B1AA-4E43-86AD-023991B0467E}.Ad-Hoc|x64.Build.0 = Release|x64
		{8BBF666D-B1AA-4E43-86AD-023991B0467E}.Ad-Hoc|x64.Deploy.0 = Release|x64
		{8BBF666D-B1AA-4E43-86AD-023991B0467E}.Ad-Hoc|x86.ActiveCfg = Release|x86
		{8BBF666D-B1AA-4E43-86AD-023991B0467E}.Ad-Hoc|x86.Build.0 = Release|x86
		{8BBF666D-B1AA-4E43-86AD-023991B0467E}.Ad-Hoc|x86.Deploy.0 = Release|x86
		{8BBF666D-B1AA-4E43-86AD-023991B0467E}.AppStore|Any CPU.ActiveCfg = Release|x86
		{8BBF666D-B1AA-4E43-86AD-023991B0467E}.AppStore|Any CPU.Build.0 = Release|x86
		{8BBF666D-B1AA-4E43-86AD-023991B0467E}.AppStore|Any CPU.Deploy.0 = Release|x86
		{8BBF666D-B1AA-4E43-86AD-023991B0467E}.AppStore|ARM.ActiveCfg = Release|ARM
		{8BBF666D-B1AA-4E43-86AD-023991B0467E}.AppStore|ARM.Build.0 = Release|ARM
		{8BBF666D-B1AA-4E43-86AD-023991B0467E}.AppStore|ARM.Deploy.0 = Release|ARM
		{8BBF666D-B1AA-4E43-86AD-023991B0467E}.AppStore|iPhone.ActiveCfg = Release|x86
		{8BBF666D-B1AA-4E43-86AD-023991B0467E}.AppStore|iPhone.Build.0 = Release|x86
		{8BBF666D-B1AA-4E43-86AD-023991B0467E}.AppStore|iPhone.Deploy.0 = Release|x86
		{8BBF666D-B1AA-4E43-86AD-023991B0467E}.AppStore|iPhoneSimulator.ActiveCfg = Release|x86
		{8BBF666D-B1AA-4E43-86AD-023991B0467E}.AppStore|iPhoneSimulator.Build.0 = Release|x86
		{8BBF666D-B1AA-4E43-86AD-023991B0467E}.AppStore|iPhoneSimulator.Deploy.0 = Release|x86
		{8BBF666D-B1AA-4E43-86AD-023991B0467E}.AppStore|x64.ActiveCfg = Release|x64
		{8BBF666D-B1AA-4E43-86AD-023991B0467E}.AppStore|x64.Build.0 = Release|x64
		{8BBF666D-B1AA-4E43-86AD-023991B0467E}.AppStore|x64.Deploy.0 = Release|x64
		{8BBF666D-B1AA-4E43-86AD-023991B0467E}.AppStore|x86.ActiveCfg = Release|x86
		{8BBF666D-B1AA-4E43-86AD-023991B0467E}.AppStore|x86.Build.0 = Release|x86
		{8BBF666D-B1AA-4E43-86AD-023991B0467E}.AppStore|x86.Deploy.0 = Release|x86
		{8BBF666D-B1AA-4E43-86AD-023991B0467E}.Debug|Any CPU.ActiveCfg = Debug|x86
		{8BBF666D-B1AA-4E43-86AD-023991B0467E}.Debug|ARM.ActiveCfg = Debug|ARM
		{8BBF666D-B1AA-4E43-86AD-023991B0467E}.Debug|ARM.Build.0 = Debug|ARM
		{8BBF666D-B1AA-4E43-86AD-023991B0467E}.Debug|ARM.Deploy.0 = Debug|ARM
		{8BBF666D-B1AA-4E43-86AD-023991B0467E}.Debug|iPhone.ActiveCfg = Debug|x86
		{8BBF666D-B1AA-4E43-86AD-023991B0467E}.Debug|iPhoneSimulator.ActiveCfg = Debug|x86
		{8BBF666D-B1AA-4E43-86AD-023991B0467E}.Debug|x64.ActiveCfg = Debug|x64
		{8BBF666D-B1AA-4E43-86AD-023991B0467E}.Debug|x64.Build.0 = Debug|x64
		{8BBF666D-B1AA-4E43-86AD-023991B0467E}.Debug|x64.Deploy.0 = Debug|x64
		{8BBF666D-B1AA-4E43-86AD-023991B0467E}.Debug|x86.ActiveCfg = Debug|x86
		{8BBF666D-B1AA-4E43-86AD-023991B0467E}.Debug|x86.Build.0 = Debug|x86
		{8BBF666D-B1AA-4E43-86AD-023991B0467E}.Debug|x86.Deploy.0 = Debug|x86
		{8BBF666D-B1AA-4E43-86AD-023991B0467E}.Release|Any CPU.ActiveCfg = Release|x86
		{8BBF666D-B1AA-4E43-86AD-023991B0467E}.Release|ARM.ActiveCfg = Release|ARM
		{8BBF666D-B1AA-4E43-86AD-023991B0467E}.Release|ARM.Build.0 = Release|ARM
		{8BBF666D-B1AA-4E43-86AD-023991B0467E}.Release|ARM.Deploy.0 = Release|ARM
		{8BBF666D-B1AA-4E43-86AD-023991B0467E}.Release|iPhone.ActiveCfg = Release|x86
		{8BBF666D-B1AA-4E43-86AD-023991B0467E}.Release|iPhoneSimulator.ActiveCfg = Release|x86
		{8BBF666D-B1AA-4E43-86AD-023991B0467E}.Release|x64.ActiveCfg = Release|x64
		{8BBF666D-B1AA-4E43-86AD-023991B0467E}.Release|x64.Build.0 = Release|x64
		{8BBF666D-B1AA-4E43-86AD-023991B0467E}.Release|x64.Deploy.0 = Release|x64
		{8BBF666D-B1AA-4E43-86AD-023991B0467E}.Release|x86.ActiveCfg = Release|x86
		{8BBF666D-B1AA-4E43-86AD-023991B0467E}.Release|x86.Build.0 = Release|x86
		{8BBF666D-B1AA-4E43-86AD-023991B0467E}.Release|x86.Deploy.0 = Release|x86
		{0F16F53A-BE52-44EB-B66E-A2EA30F1796C}.Ad-Hoc|Any CPU.ActiveCfg = Ad-Hoc|iPhone
		{0F16F53A-BE52-44EB-B66E-A2EA30F1796C}.Ad-Hoc|ARM.ActiveCfg = Ad-Hoc|iPhone
		{0F16F53A-BE52-44EB-B66E-A2EA30F1796C}.Ad-Hoc|iPhone.ActiveCfg = Ad-Hoc|iPhone
		{0F16F53A-BE52-44EB-B66E-A2EA30F1796C}.Ad-Hoc|iPhone.Build.0 = Ad-Hoc|iPhone
		{0F16F53A-BE52-44EB-B66E-A2EA30F1796C}.Ad-Hoc|iPhoneSimulator.ActiveCfg = Ad-Hoc|iPhoneSimulator
		{0F16F53A-BE52-44EB-B66E-A2EA30F1796C}.Ad-Hoc|iPhoneSimulator.Build.0 = Ad-Hoc|iPhoneSimulator
		{0F16F53A-BE52-44EB-B66E-A2EA30F1796C}.Ad-Hoc|x64.ActiveCfg = Ad-Hoc|iPhone
		{0F16F53A-BE52-44EB-B66E-A2EA30F1796C}.Ad-Hoc|x86.ActiveCfg = Ad-Hoc|iPhone
		{0F16F53A-BE52-44EB-B66E-A2EA30F1796C}.AppStore|Any CPU.ActiveCfg = AppStore|iPhone
		{0F16F53A-BE52-44EB-B66E-A2EA30F1796C}.AppStore|ARM.ActiveCfg = AppStore|iPhone
		{0F16F53A-BE52-44EB-B66E-A2EA30F1796C}.AppStore|iPhone.ActiveCfg = AppStore|iPhone
		{0F16F53A-BE52-44EB-B66E-A2EA30F1796C}.AppStore|iPhone.Build.0 = AppStore|iPhone
		{0F16F53A-BE52-44EB-B66E-A2EA30F1796C}.AppStore|iPhoneSimulator.ActiveCfg = AppStore|iPhoneSimulator
		{0F16F53A-BE52-44EB-B66E-A2EA30F1796C}.AppStore|iPhoneSimulator.Build.0 = AppStore|iPhoneSimulator
		{0F16F53A-BE52-44EB-B66E-A2EA30F1796C}.AppStore|x64.ActiveCfg = AppStore|iPhone
		{0F16F53A-BE52-44EB-B66E-A2EA30F1796C}.AppStore|x86.ActiveCfg = AppStore|iPhone
		{0F16F53A-BE52-44EB-B66E-A2EA30F1796C}.Debug|Any CPU.ActiveCfg = Debug|iPhone
		{0F16F53A-BE52-44EB-B66E-A2EA30F1796C}.Debug|ARM.ActiveCfg = Debug|iPhone
		{0F16F53A-BE52-44EB-B66E-A2EA30F1796C}.Debug|iPhone.ActiveCfg = Debug|iPhone
		{0F16F53A-BE52-44EB-B66E-A2EA30F1796C}.Debug|iPhone.Build.0 = Debug|iPhone
		{0F16F53A-BE52-44EB-B66E-A2EA30F1796C}.Debug|iPhoneSimulator.ActiveCfg = Debug|iPhoneSimulator
		{0F16F53A-BE52-44EB-B66E-A2EA30F1796C}.Debug|iPhoneSimulator.Build.0 = Debug|iPhoneSimulator
		{0F16F53A-BE52-44EB-B66E-A2EA30F1796C}.Debug|x64.ActiveCfg = Debug|iPhone
		{0F16F53A-BE52-44EB-B66E-A2EA30F1796C}.Debug|x86.ActiveCfg = Debug|iPhone
		{0F16F53A-BE52-44EB-B66E-A2EA30F1796C}.Release|Any CPU.ActiveCfg = Release|iPhone
		{0F16F53A-BE52-44EB-B66E-A2EA30F1796C}.Release|ARM.ActiveCfg = Release|iPhone
		{0F16F53A-BE52-44EB-B66E-A2EA30F1796C}.Release|iPhone.ActiveCfg = Release|iPhone
		{0F16F53A-BE52-44EB-B66E-A2EA30F1796C}.Release|iPhone.Build.0 = Release|iPhone
		{0F16F53A-BE52-44EB-B66E-A2EA30F1796C}.Release|iPhoneSimulator.ActiveCfg = Release|iPhoneSimulator
		{0F16F53A-BE52-44EB-B66E-A2EA30F1796C}.Release|iPhoneSimulator.Build.0 = Release|iPhoneSimulator
		{0F16F53A-BE52-44EB-B66E-A2EA30F1796C}.Release|x64.ActiveCfg = Release|iPhone
		{0F16F53A-BE52-44EB-B66E-A2EA30F1796C}.Release|x86.ActiveCfg = Release|iPhone
	EndGlobalSection
	GlobalSection(SolutionProperties) = preSolution
		HideSolutionNode = FALSE
	EndGlobalSection
	GlobalSection(ExtensibilityGlobals) = postSolution
		SolutionGuid = {B02978F2-034C-4C2F-9CD2-ADAA61A28232}
	EndGlobalSection
EndGlobal
